// !$*UTF8*$!
{
	archiveVersion = 1;
	classes = {
	};
	objectVersion = 55;
	objects = {

/* Begin PBXBuildFile section */
		D0208DA62876F24A00BFA8E6 /* AppDelegate.swift in Sources */ = {isa = PBXBuildFile; fileRef = D0208DA52876F24A00BFA8E6 /* AppDelegate.swift */; };
		D0208DA82876F24A00BFA8E6 /* SceneDelegate.swift in Sources */ = {isa = PBXBuildFile; fileRef = D0208DA72876F24A00BFA8E6 /* SceneDelegate.swift */; };
		D0208DAA2876F24A00BFA8E6 /* AuthViewController.swift in Sources */ = {isa = PBXBuildFile; fileRef = D0208DA92876F24A00BFA8E6 /* AuthViewController.swift */; };
		D0208DAF2876F24D00BFA8E6 /* Assets.xcassets in Resources */ = {isa = PBXBuildFile; fileRef = D0208DAE2876F24D00BFA8E6 /* Assets.xcassets */; };
		D0208DB22876F24D00BFA8E6 /* LaunchScreen.storyboard in Resources */ = {isa = PBXBuildFile; fileRef = D0208DB02876F24D00BFA8E6 /* LaunchScreen.storyboard */; };
		D0208DBB2876F57A00BFA8E6 /* SignUpViewController.swift in Sources */ = {isa = PBXBuildFile; fileRef = D0208DBA2876F57A00BFA8E6 /* SignUpViewController.swift */; };
		D0208DBD2876F5A800BFA8E6 /* AlbumsViewController.swift in Sources */ = {isa = PBXBuildFile; fileRef = D0208DBC2876F5A800BFA8E6 /* AlbumsViewController.swift */; };
		D0208DC22876F78700BFA8E6 /* UIStackView + Extension.swift in Sources */ = {isa = PBXBuildFile; fileRef = D0208DC12876F78700BFA8E6 /* UIStackView + Extension.swift */; };
		D02B09A2288344020062DE7B /* UIView + Extension.swift in Sources */ = {isa = PBXBuildFile; fileRef = D02B09A1288344020062DE7B /* UIView + Extension.swift */; };
		D081E8CE2880393A003BE7D7 /* AlbumModel.swift in Sources */ = {isa = PBXBuildFile; fileRef = D081E8CD2880393A003BE7D7 /* AlbumModel.swift */; };
		D081E8D128803A66003BE7D7 /* NetworkRequest.swift in Sources */ = {isa = PBXBuildFile; fileRef = D081E8D028803A66003BE7D7 /* NetworkRequest.swift */; };
		D081E8D328803C0E003BE7D7 /* NetworkDataFetch.swift in Sources */ = {isa = PBXBuildFile; fileRef = D081E8D228803C0E003BE7D7 /* NetworkDataFetch.swift */; };
		D08D72C0287AD7E0004AE99E /* UIViewController + Extension.swift in Sources */ = {isa = PBXBuildFile; fileRef = D08D72BF287AD7E0004AE99E /* UIViewController + Extension.swift */; };
		D08D72C2287ADA40004AE99E /* UserInfoViewController.swift in Sources */ = {isa = PBXBuildFile; fileRef = D08D72C1287ADA40004AE99E /* UserInfoViewController.swift */; };
		D08D72C6287ADB18004AE99E /* AlbumsTableViewCell.swift in Sources */ = {isa = PBXBuildFile; fileRef = D08D72C5287ADB18004AE99E /* AlbumsTableViewCell.swift */; };
		D08D72C8287ADBC9004AE99E /* DetailAlbumViewController.swift in Sources */ = {isa = PBXBuildFile; fileRef = D08D72C7287ADBC8004AE99E /* DetailAlbumViewController.swift */; };
		D08D72CA287AE7AC004AE99E /* SongsCollectionViewCell.swift in Sources */ = {isa = PBXBuildFile; fileRef = D08D72C9287AE7AC004AE99E /* SongsCollectionViewCell.swift */; };
		D08D72CC287C4DCB004AE99E /* String + Extension.swift in Sources */ = {isa = PBXBuildFile; fileRef = D08D72CB287C4DCB004AE99E /* String + Extension.swift */; };
		D0A63D162886B7A500ADBE40 /* RequiredValidLabel.swift in Sources */ = {isa = PBXBuildFile; fileRef = D0A63D152886B7A500ADBE40 /* RequiredValidLabel.swift */; };
		D0C928BD288556BE000940CE /* SongsModel.swift in Sources */ = {isa = PBXBuildFile; fileRef = D0C928BC288556BE000940CE /* SongsModel.swift */; };
		D0E9E807287EBE3600AA7DB0 /* UserDefaultsManager.swift in Sources */ = {isa = PBXBuildFile; fileRef = D0E9E806287EBE3600AA7DB0 /* UserDefaultsManager.swift */; };
		D0E9E80A287EBF2600AA7DB0 /* UserModel.swift in Sources */ = {isa = PBXBuildFile; fileRef = D0E9E809287EBF2600AA7DB0 /* UserModel.swift */; };
		D0E9E80C287ED5BD00AA7DB0 /* AlertOk.swift in Sources */ = {isa = PBXBuildFile; fileRef = D0E9E80B287ED5BD00AA7DB0 /* AlertOk.swift */; };
/* End PBXBuildFile section */

/* Begin PBXFileReference section */
		D0208DA22876F24A00BFA8E6 /* TestMusicLibrary.app */ = {isa = PBXFileReference; explicitFileType = wrapper.application; includeInIndex = 0; path = TestMusicLibrary.app; sourceTree = BUILT_PRODUCTS_DIR; };
		D0208DA52876F24A00BFA8E6 /* AppDelegate.swift */ = {isa = PBXFileReference; lastKnownFileType = sourcecode.swift; path = AppDelegate.swift; sourceTree = "<group>"; };
		D0208DA72876F24A00BFA8E6 /* SceneDelegate.swift */ = {isa = PBXFileReference; lastKnownFileType = sourcecode.swift; path = SceneDelegate.swift; sourceTree = "<group>"; };
		D0208DA92876F24A00BFA8E6 /* AuthViewController.swift */ = {isa = PBXFileReference; lastKnownFileType = sourcecode.swift; path = AuthViewController.swift; sourceTree = "<group>"; };
		D0208DAE2876F24D00BFA8E6 /* Assets.xcassets */ = {isa = PBXFileReference; lastKnownFileType = folder.assetcatalog; path = Assets.xcassets; sourceTree = "<group>"; };
		D0208DB12876F24D00BFA8E6 /* Base */ = {isa = PBXFileReference; lastKnownFileType = file.storyboard; name = Base; path = Base.lproj/LaunchScreen.storyboard; sourceTree = "<group>"; };
		D0208DB32876F24D00BFA8E6 /* Info.plist */ = {isa = PBXFileReference; lastKnownFileType = text.plist.xml; path = Info.plist; sourceTree = "<group>"; };
		D0208DBA2876F57A00BFA8E6 /* SignUpViewController.swift */ = {isa = PBXFileReference; lastKnownFileType = sourcecode.swift; path = SignUpViewController.swift; sourceTree = "<group>"; };
		D0208DBC2876F5A800BFA8E6 /* AlbumsViewController.swift */ = {isa = PBXFileReference; lastKnownFileType = sourcecode.swift; path = AlbumsViewController.swift; sourceTree = "<group>"; };
		D0208DC12876F78700BFA8E6 /* UIStackView + Extension.swift */ = {isa = PBXFileReference; lastKnownFileType = sourcecode.swift; path = "UIStackView + Extension.swift"; sourceTree = "<group>"; };
		D02B09A1288344020062DE7B /* UIView + Extension.swift */ = {isa = PBXFileReference; lastKnownFileType = sourcecode.swift; path = "UIView + Extension.swift"; sourceTree = "<group>"; };
		D081E8CD2880393A003BE7D7 /* AlbumModel.swift */ = {isa = PBXFileReference; lastKnownFileType = sourcecode.swift; path = AlbumModel.swift; sourceTree = "<group>"; };
		D081E8D028803A66003BE7D7 /* NetworkRequest.swift */ = {isa = PBXFileReference; lastKnownFileType = sourcecode.swift; path = NetworkRequest.swift; sourceTree = "<group>"; };
		D081E8D228803C0E003BE7D7 /* NetworkDataFetch.swift */ = {isa = PBXFileReference; lastKnownFileType = sourcecode.swift; path = NetworkDataFetch.swift; sourceTree = "<group>"; };
		D08D72BF287AD7E0004AE99E /* UIViewController + Extension.swift */ = {isa = PBXFileReference; lastKnownFileType = sourcecode.swift; path = "UIViewController + Extension.swift"; sourceTree = "<group>"; };
		D08D72C1287ADA40004AE99E /* UserInfoViewController.swift */ = {isa = PBXFileReference; lastKnownFileType = sourcecode.swift; path = UserInfoViewController.swift; sourceTree = "<group>"; };
		D08D72C5287ADB18004AE99E /* AlbumsTableViewCell.swift */ = {isa = PBXFileReference; lastKnownFileType = sourcecode.swift; path = AlbumsTableViewCell.swift; sourceTree = "<group>"; };
		D08D72C7287ADBC8004AE99E /* DetailAlbumViewController.swift */ = {isa = PBXFileReference; lastKnownFileType = sourcecode.swift; path = DetailAlbumViewController.swift; sourceTree = "<group>"; };
		D08D72C9287AE7AC004AE99E /* SongsCollectionViewCell.swift */ = {isa = PBXFileReference; lastKnownFileType = sourcecode.swift; path = SongsCollectionViewCell.swift; sourceTree = "<group>"; };
		D08D72CB287C4DCB004AE99E /* String + Extension.swift */ = {isa = PBXFileReference; lastKnownFileType = sourcecode.swift; path = "String + Extension.swift"; sourceTree = "<group>"; };
		D0A63D152886B7A500ADBE40 /* RequiredValidLabel.swift */ = {isa = PBXFileReference; lastKnownFileType = sourcecode.swift; path = RequiredValidLabel.swift; sourceTree = "<group>"; };
		D0C928BC288556BE000940CE /* SongsModel.swift */ = {isa = PBXFileReference; lastKnownFileType = sourcecode.swift; path = SongsModel.swift; sourceTree = "<group>"; };
		D0E9E806287EBE3600AA7DB0 /* UserDefaultsManager.swift */ = {isa = PBXFileReference; lastKnownFileType = sourcecode.swift; path = UserDefaultsManager.swift; sourceTree = "<group>"; };
		D0E9E809287EBF2600AA7DB0 /* UserModel.swift */ = {isa = PBXFileReference; lastKnownFileType = sourcecode.swift; path = UserModel.swift; sourceTree = "<group>"; };
		D0E9E80B287ED5BD00AA7DB0 /* AlertOk.swift */ = {isa = PBXFileReference; lastKnownFileType = sourcecode.swift; path = AlertOk.swift; sourceTree = "<group>"; };
/* End PBXFileReference section */

/* Begin PBXFrameworksBuildPhase section */
		D0208D9F2876F24A00BFA8E6 /* Frameworks */ = {
			isa = PBXFrameworksBuildPhase;
			buildActionMask = 2147483647;
			files = (
			);
			runOnlyForDeploymentPostprocessing = 0;
		};
/* End PBXFrameworksBuildPhase section */

/* Begin PBXGroup section */
		D0208D992876F24A00BFA8E6 = {
			isa = PBXGroup;
			children = (
				D0208DA42876F24A00BFA8E6 /* TestMusicLibrary */,
				D0208DA32876F24A00BFA8E6 /* Products */,
			);
			sourceTree = "<group>";
		};
		D0208DA32876F24A00BFA8E6 /* Products */ = {
			isa = PBXGroup;
			children = (
				D0208DA22876F24A00BFA8E6 /* TestMusicLibrary.app */,
			);
			name = Products;
			sourceTree = "<group>";
		};
		D0208DA42876F24A00BFA8E6 /* TestMusicLibrary */ = {
			isa = PBXGroup;
			children = (
				D0208DBF2876F73B00BFA8E6 /* Application */,
				D0208DB92876F2AC00BFA8E6 /* Controllers */,
				D0E9E808287EBF0C00AA7DB0 /* Models */,
				D081E8CF28803A44003BE7D7 /* Network */,
				D0E9E805287EBE0F00AA7DB0 /* Services */,
				D0208DBE2876F70400BFA8E6 /* Extensions */,
				D0208DAE2876F24D00BFA8E6 /* Assets.xcassets */,
				D0208DB02876F24D00BFA8E6 /* LaunchScreen.storyboard */,
				D0208DB32876F24D00BFA8E6 /* Info.plist */,
			);
			path = TestMusicLibrary;
			sourceTree = "<group>";
		};
		D0208DB92876F2AC00BFA8E6 /* Controllers */ = {
			isa = PBXGroup;
			children = (
				D08D72C4287ADB03004AE99E /* Cells */,
				D0208DA92876F24A00BFA8E6 /* AuthViewController.swift */,
				D0208DBA2876F57A00BFA8E6 /* SignUpViewController.swift */,
				D0208DBC2876F5A800BFA8E6 /* AlbumsViewController.swift */,
				D08D72C7287ADBC8004AE99E /* DetailAlbumViewController.swift */,
				D08D72C1287ADA40004AE99E /* UserInfoViewController.swift */,
			);
			path = Controllers;
			sourceTree = "<group>";
		};
		D0208DBE2876F70400BFA8E6 /* Extensions */ = {
			isa = PBXGroup;
			children = (
				D0A63D152886B7A500ADBE40 /* RequiredValidLabel.swift */,
				D08D72CB287C4DCB004AE99E /* String + Extension.swift */,
				D0208DC02876F75100BFA8E6 /* UIKit */,
			);
			path = Extensions;
			sourceTree = "<group>";
		};
		D0208DBF2876F73B00BFA8E6 /* Application */ = {
			isa = PBXGroup;
			children = (
				D0208DA52876F24A00BFA8E6 /* AppDelegate.swift */,
				D0208DA72876F24A00BFA8E6 /* SceneDelegate.swift */,
			);
			path = Application;
			sourceTree = "<group>";
		};
		D0208DC02876F75100BFA8E6 /* UIKit */ = {
			isa = PBXGroup;
			children = (
				D0208DC12876F78700BFA8E6 /* UIStackView + Extension.swift */,
				D02B09A1288344020062DE7B /* UIView + Extension.swift */,
				D08D72BF287AD7E0004AE99E /* UIViewController + Extension.swift */,
			);
			path = UIKit;
			sourceTree = "<group>";
		};
		D081E8CF28803A44003BE7D7 /* Network */ = {
			isa = PBXGroup;
			children = (
				D081E8D028803A66003BE7D7 /* NetworkRequest.swift */,
				D081E8D228803C0E003BE7D7 /* NetworkDataFetch.swift */,
			);
			path = Network;
			sourceTree = "<group>";
		};
		D08D72C4287ADB03004AE99E /* Cells */ = {
			isa = PBXGroup;
			children = (
				D08D72C5287ADB18004AE99E /* AlbumsTableViewCell.swift */,
				D08D72C9287AE7AC004AE99E /* SongsCollectionViewCell.swift */,
			);
			path = Cells;
			sourceTree = "<group>";
		};
		D0E9E805287EBE0F00AA7DB0 /* Services */ = {
			isa = PBXGroup;
			children = (
				D0E9E806287EBE3600AA7DB0 /* UserDefaultsManager.swift */,
			);
			path = Services;
			sourceTree = "<group>";
		};
		D0E9E808287EBF0C00AA7DB0 /* Models */ = {
			isa = PBXGroup;
			children = (
				D0E9E809287EBF2600AA7DB0 /* UserModel.swift */,
				D0E9E80B287ED5BD00AA7DB0 /* AlertOk.swift */,
				D081E8CD2880393A003BE7D7 /* AlbumModel.swift */,
				D0C928BC288556BE000940CE /* SongsModel.swift */,
			);
			path = Models;
			sourceTree = "<group>";
		};
/* End PBXGroup section */

/* Begin PBXNativeTarget section */
		D0208DA12876F24A00BFA8E6 /* TestMusicLibrary */ = {
			isa = PBXNativeTarget;
			buildConfigurationList = D0208DB62876F24D00BFA8E6 /* Build configuration list for PBXNativeTarget "TestMusicLibrary" */;
			buildPhases = (
				D0208D9E2876F24A00BFA8E6 /* Sources */,
				D0208D9F2876F24A00BFA8E6 /* Frameworks */,
				D0208DA02876F24A00BFA8E6 /* Resources */,
			);
			buildRules = (
			);
			dependencies = (
			);
			name = TestMusicLibrary;
			productName = TestMusicLibrary;
			productReference = D0208DA22876F24A00BFA8E6 /* TestMusicLibrary.app */;
			productType = "com.apple.product-type.application";
		};
/* End PBXNativeTarget section */

/* Begin PBXProject section */
		D0208D9A2876F24A00BFA8E6 /* Project object */ = {
			isa = PBXProject;
			attributes = {
				BuildIndependentTargetsInParallel = 1;
				LastSwiftUpdateCheck = 1340;
				LastUpgradeCheck = 1340;
				TargetAttributes = {
					D0208DA12876F24A00BFA8E6 = {
						CreatedOnToolsVersion = 13.4.1;
					};
				};
			};
			buildConfigurationList = D0208D9D2876F24A00BFA8E6 /* Build configuration list for PBXProject "TestMusicLibrary" */;
			compatibilityVersion = "Xcode 13.0";
			developmentRegion = en;
			hasScannedForEncodings = 0;
			knownRegions = (
				en,
				Base,
			);
			mainGroup = D0208D992876F24A00BFA8E6;
			productRefGroup = D0208DA32876F24A00BFA8E6 /* Products */;
			projectDirPath = "";
			projectRoot = "";
			targets = (
				D0208DA12876F24A00BFA8E6 /* TestMusicLibrary */,
			);
		};
/* End PBXProject section */

/* Begin PBXResourcesBuildPhase section */
		D0208DA02876F24A00BFA8E6 /* Resources */ = {
			isa = PBXResourcesBuildPhase;
			buildActionMask = 2147483647;
			files = (
				D0208DB22876F24D00BFA8E6 /* LaunchScreen.storyboard in Resources */,
				D0208DAF2876F24D00BFA8E6 /* Assets.xcassets in Resources */,
			);
			runOnlyForDeploymentPostprocessing = 0;
		};
/* End PBXResourcesBuildPhase section */

/* Begin PBXSourcesBuildPhase section */
		D0208D9E2876F24A00BFA8E6 /* Sources */ = {
			isa = PBXSourcesBuildPhase;
			buildActionMask = 2147483647;
			files = (
				D0208DAA2876F24A00BFA8E6 /* AuthViewController.swift in Sources */,
				D08D72C2287ADA40004AE99E /* UserInfoViewController.swift in Sources */,
				D08D72CC287C4DCB004AE99E /* String + Extension.swift in Sources */,
				D0E9E807287EBE3600AA7DB0 /* UserDefaultsManager.swift in Sources */,
				D0208DA62876F24A00BFA8E6 /* AppDelegate.swift in Sources */,
				D0208DBB2876F57A00BFA8E6 /* SignUpViewController.swift in Sources */,
				D08D72C0287AD7E0004AE99E /* UIViewController + Extension.swift in Sources */,
				D0E9E80C287ED5BD00AA7DB0 /* AlertOk.swift in Sources */,
				D08D72C8287ADBC9004AE99E /* DetailAlbumViewController.swift in Sources */,
				D0E9E80A287EBF2600AA7DB0 /* UserModel.swift in Sources */,
				D0C928BD288556BE000940CE /* SongsModel.swift in Sources */,
				D0A63D162886B7A500ADBE40 /* RequiredValidLabel.swift in Sources */,
				D08D72C6287ADB18004AE99E /* AlbumsTableViewCell.swift in Sources */,
				D0208DC22876F78700BFA8E6 /* UIStackView + Extension.swift in Sources */,
				D0208DA82876F24A00BFA8E6 /* SceneDelegate.swift in Sources */,
				D081E8D328803C0E003BE7D7 /* NetworkDataFetch.swift in Sources */,
				D081E8CE2880393A003BE7D7 /* AlbumModel.swift in Sources */,
				D0208DBD2876F5A800BFA8E6 /* AlbumsViewController.swift in Sources */,
				D08D72CA287AE7AC004AE99E /* SongsCollectionViewCell.swift in Sources */,
				D02B09A2288344020062DE7B /* UIView + Extension.swift in Sources */,
				D081E8D128803A66003BE7D7 /* NetworkRequest.swift in Sources */,
			);
			runOnlyForDeploymentPostprocessing = 0;
		};
/* End PBXSourcesBuildPhase section */

/* Begin PBXVariantGroup section */
		D0208DB02876F24D00BFA8E6 /* LaunchScreen.storyboard */ = {
			isa = PBXVariantGroup;
			children = (
				D0208DB12876F24D00BFA8E6 /* Base */,
			);
			name = LaunchScreen.storyboard;
			sourceTree = "<group>";
		};
/* End PBXVariantGroup section */

/* Begin XCBuildConfiguration section */
		D0208DB42876F24D00BFA8E6 /* Debug */ = {
			isa = XCBuildConfiguration;
			buildSettings = {
				ALWAYS_SEARCH_USER_PATHS = NO;
				CLANG_ANALYZER_NONNULL = YES;
				CLANG_ANALYZER_NUMBER_OBJECT_CONVERSION = YES_AGGRESSIVE;
				CLANG_CXX_LANGUAGE_STANDARD = "gnu++17";
				CLANG_ENABLE_MODULES = YES;
				CLANG_ENABLE_OBJC_ARC = YES;
				CLANG_ENABLE_OBJC_WEAK = YES;
				CLANG_WARN_BLOCK_CAPTURE_AUTORELEASING = YES;
				CLANG_WARN_BOOL_CONVERSION = YES;
				CLANG_WARN_COMMA = YES;
				CLANG_WARN_CONSTANT_CONVERSION = YES;
				CLANG_WARN_DEPRECATED_OBJC_IMPLEMENTATIONS = YES;
				CLANG_WARN_DIRECT_OBJC_ISA_USAGE = YES_ERROR;
				CLANG_WARN_DOCUMENTATION_COMMENTS = YES;
				CLANG_WARN_EMPTY_BODY = YES;
				CLANG_WARN_ENUM_CONVERSION = YES;
				CLANG_WARN_INFINITE_RECURSION = YES;
				CLANG_WARN_INT_CONVERSION = YES;
				CLANG_WARN_NON_LITERAL_NULL_CONVERSION = YES;
				CLANG_WARN_OBJC_IMPLICIT_RETAIN_SELF = YES;
				CLANG_WARN_OBJC_LITERAL_CONVERSION = YES;
				CLANG_WARN_OBJC_ROOT_CLASS = YES_ERROR;
				CLANG_WARN_QUOTED_INCLUDE_IN_FRAMEWORK_HEADER = YES;
				CLANG_WARN_RANGE_LOOP_ANALYSIS = YES;
				CLANG_WARN_STRICT_PROTOTYPES = YES;
				CLANG_WARN_SUSPICIOUS_MOVE = YES;
				CLANG_WARN_UNGUARDED_AVAILABILITY = YES_AGGRESSIVE;
				CLANG_WARN_UNREACHABLE_CODE = YES;
				CLANG_WARN__DUPLICATE_METHOD_MATCH = YES;
				COPY_PHASE_STRIP = NO;
				DEBUG_INFORMATION_FORMAT = dwarf;
				ENABLE_STRICT_OBJC_MSGSEND = YES;
				ENABLE_TESTABILITY = YES;
				GCC_C_LANGUAGE_STANDARD = gnu11;
				GCC_DYNAMIC_NO_PIC = NO;
				GCC_NO_COMMON_BLOCKS = YES;
				GCC_OPTIMIZATION_LEVEL = 0;
				GCC_PREPROCESSOR_DEFINITIONS = (
					"DEBUG=1",
					"$(inherited)",
				);
				GCC_WARN_64_TO_32_BIT_CONVERSION = YES;
				GCC_WARN_ABOUT_RETURN_TYPE = YES_ERROR;
				GCC_WARN_UNDECLARED_SELECTOR = YES;
				GCC_WARN_UNINITIALIZED_AUTOS = YES_AGGRESSIVE;
				GCC_WARN_UNUSED_FUNCTION = YES;
				GCC_WARN_UNUSED_VARIABLE = YES;
				IPHONEOS_DEPLOYMENT_TARGET = 15.5;
				MTL_ENABLE_DEBUG_INFO = INCLUDE_SOURCE;
				MTL_FAST_MATH = YES;
				ONLY_ACTIVE_ARCH = YES;
				SDKROOT = iphoneos;
				SWIFT_ACTIVE_COMPILATION_CONDITIONS = DEBUG;
				SWIFT_OPTIMIZATION_LEVEL = "-Onone";
			};
			name = Debug;
		};
		D0208DB52876F24D00BFA8E6 /* Release */ = {
			isa = XCBuildConfiguration;
			buildSettings = {
				ALWAYS_SEARCH_USER_PATHS = NO;
				CLANG_ANALYZER_NONNULL = YES;
				CLANG_ANALYZER_NUMBER_OBJECT_CONVERSION = YES_AGGRESSIVE;
				CLANG_CXX_LANGUAGE_STANDARD = "gnu++17";
				CLANG_ENABLE_MODULES = YES;
				CLANG_ENABLE_OBJC_ARC = YES;
				CLANG_ENABLE_OBJC_WEAK = YES;
				CLANG_WARN_BLOCK_CAPTURE_AUTORELEASING = YES;
				CLANG_WARN_BOOL_CONVERSION = YES;
				CLANG_WARN_COMMA = YES;
				CLANG_WARN_CONSTANT_CONVERSION = YES;
				CLANG_WARN_DEPRECATED_OBJC_IMPLEMENTATIONS = YES;
				CLANG_WARN_DIRECT_OBJC_ISA_USAGE = YES_ERROR;
				CLANG_WARN_DOCUMENTATION_COMMENTS = YES;
				CLANG_WARN_EMPTY_BODY = YES;
				CLANG_WARN_ENUM_CONVERSION = YES;
				CLANG_WARN_INFINITE_RECURSION = YES;
				CLANG_WARN_INT_CONVERSION = YES;
				CLANG_WARN_NON_LITERAL_NULL_CONVERSION = YES;
				CLANG_WARN_OBJC_IMPLICIT_RETAIN_SELF = YES;
				CLANG_WARN_OBJC_LITERAL_CONVERSION = YES;
				CLANG_WARN_OBJC_ROOT_CLASS = YES_ERROR;
				CLANG_WARN_QUOTED_INCLUDE_IN_FRAMEWORK_HEADER = YES;
				CLANG_WARN_RANGE_LOOP_ANALYSIS = YES;
				CLANG_WARN_STRICT_PROTOTYPES = YES;
				CLANG_WARN_SUSPICIOUS_MOVE = YES;
				CLANG_WARN_UNGUARDED_AVAILABILITY = YES_AGGRESSIVE;
				CLANG_WARN_UNREACHABLE_CODE = YES;
				CLANG_WARN__DUPLICATE_METHOD_MATCH = YES;
				COPY_PHASE_STRIP = NO;
				DEBUG_INFORMATION_FORMAT = "dwarf-with-dsym";
				ENABLE_NS_ASSERTIONS = NO;
				ENABLE_STRICT_OBJC_MSGSEND = YES;
				GCC_C_LANGUAGE_STANDARD = gnu11;
				GCC_NO_COMMON_BLOCKS = YES;
				GCC_WARN_64_TO_32_BIT_CONVERSION = YES;
				GCC_WARN_ABOUT_RETURN_TYPE = YES_ERROR;
				GCC_WARN_UNDECLARED_SELECTOR = YES;
				GCC_WARN_UNINITIALIZED_AUTOS = YES_AGGRESSIVE;
				GCC_WARN_UNUSED_FUNCTION = YES;
				GCC_WARN_UNUSED_VARIABLE = YES;
				IPHONEOS_DEPLOYMENT_TARGET = 15.5;
				MTL_ENABLE_DEBUG_INFO = NO;
				MTL_FAST_MATH = YES;
				SDKROOT = iphoneos;
				SWIFT_COMPILATION_MODE = wholemodule;
				SWIFT_OPTIMIZATION_LEVEL = "-O";
				VALIDATE_PRODUCT = YES;
			};
			name = Release;
		};
		D0208DB72876F24D00BFA8E6 /* Debug */ = {
			isa = XCBuildConfiguration;
			buildSettings = {
				ASSETCATALOG_COMPILER_APPICON_NAME = AppIcon;
				ASSETCATALOG_COMPILER_GLOBAL_ACCENT_COLOR_NAME = AccentColor;
				CODE_SIGN_STYLE = Automatic;
				CURRENT_PROJECT_VERSION = 1;
				DEVELOPMENT_TEAM = WDRKNT57U7;
				GENERATE_INFOPLIST_FILE = YES;
				INFOPLIST_FILE = TestMusicLibrary/Info.plist;
				INFOPLIST_KEY_UIApplicationSupportsIndirectInputEvents = YES;
				INFOPLIST_KEY_UILaunchStoryboardName = LaunchScreen;
				INFOPLIST_KEY_UISupportedInterfaceOrientations_iPad = "UIInterfaceOrientationPortrait UIInterfaceOrientationPortraitUpsideDown UIInterfaceOrientationLandscapeLeft UIInterfaceOrientationLandscapeRight";
				INFOPLIST_KEY_UISupportedInterfaceOrientations_iPhone = "UIInterfaceOrientationPortrait UIInterfaceOrientationLandscapeLeft UIInterfaceOrientationLandscapeRight";
				LD_RUNPATH_SEARCH_PATHS = (
					"$(inherited)",
					"@executable_path/Frameworks",
				);
				MARKETING_VERSION = 1.0;
				PRODUCT_BUNDLE_IDENTIFIER = com.panchenko.TestMusicLibrary;
				PRODUCT_NAME = "$(TARGET_NAME)";
				SWIFT_EMIT_LOC_STRINGS = YES;
				SWIFT_VERSION = 5.0;
				TARGETED_DEVICE_FAMILY = "1,2";
			};
			name = Debug;
		};
		D0208DB82876F24D00BFA8E6 /* Release */ = {
			isa = XCBuildConfiguration;
			buildSettings = {
				ASSETCATALOG_COMPILER_APPICON_NAME = AppIcon;
				ASSETCATALOG_COMPILER_GLOBAL_ACCENT_COLOR_NAME = AccentColor;
				CODE_SIGN_STYLE = Automatic;
				CURRENT_PROJECT_VERSION = 1;
				DEVELOPMENT_TEAM = WDRKNT57U7;
				GENERATE_INFOPLIST_FILE = YES;
				INFOPLIST_FILE = TestMusicLibrary/Info.plist;
				INFOPLIST_KEY_UIApplicationSupportsIndirectInputEvents = YES;
				INFOPLIST_KEY_UILaunchStoryboardName = LaunchScreen;
				INFOPLIST_KEY_UISupportedInterfaceOrientations_iPad = "UIInterfaceOrientationPortrait UIInterfaceOrientationPortraitUpsideDown UIInterfaceOrientationLandscapeLeft UIInterfaceOrientationLandscapeRight";
				INFOPLIST_KEY_UISupportedInterfaceOrientations_iPhone = "UIInterfaceOrientationPortrait UIInterfaceOrientationLandscapeLeft UIInterfaceOrientationLandscapeRight";
				LD_RUNPATH_SEARCH_PATHS = (
					"$(inherited)",
					"@executable_path/Frameworks",
				);
				MARKETING_VERSION = 1.0;
				PRODUCT_BUNDLE_IDENTIFIER = com.panchenko.TestMusicLibrary;
				PRODUCT_NAME = "$(TARGET_NAME)";
				SWIFT_EMIT_LOC_STRINGS = YES;
				SWIFT_VERSION = 5.0;
				TARGETED_DEVICE_FAMILY = "1,2";
			};
			name = Release;
		};
/* End XCBuildConfiguration section */

/* Begin XCConfigurationList section */
		D0208D9D2876F24A00BFA8E6 /* Build configuration list for PBXProject "TestMusicLibrary" */ = {
			isa = XCConfigurationList;
			buildConfigurations = (
				D0208DB42876F24D00BFA8E6 /* Debug */,
				D0208DB52876F24D00BFA8E6 /* Release */,
			);
			defaultConfigurationIsVisible = 0;
			defaultConfigurationName = Release;
		};
		D0208DB62876F24D00BFA8E6 /* Build configuration list for PBXNativeTarget "TestMusicLibrary" */ = {
			isa = XCConfigurationList;
			buildConfigurations = (
				D0208DB72876F24D00BFA8E6 /* Debug */,
				D0208DB82876F24D00BFA8E6 /* Release */,
			);
			defaultConfigurationIsVisible = 0;
			defaultConfigurationName = Release;
		};
/* End XCConfigurationList section */
	};
	rootObject = D0208D9A2876F24A00BFA8E6 /* Project object */;
}
